<?xml version="1.0" encoding="utf-8"?>
<Project xmlns="http://schemas.microsoft.com/developer/msbuild/2003" ToolsVersion="4.0">
   <ItemGroup>
      <Filter Include="Source Files">
         <UniqueIdentifier>{78120e3d-d0ab-4f9e-8a3a-c5e6c5ed0b2c}</UniqueIdentifier>
      </Filter>
      <Filter Include="Source Files\Plugin">
         <UniqueIdentifier>{29e08cac-b659-428b-bf02-c70f84b41ddf}</UniqueIdentifier>
      </Filter>
      <Filter Include="Header Files">
         <UniqueIdentifier>{7b823eb7-8f35-4529-a4c1-555b53468c58}</UniqueIdentifier>
      </Filter>
      <Filter Include="Resource Files">
         <UniqueIdentifier>{4da94837-4922-4930-b2ec-472d16090ed6}</UniqueIdentifier>
      </Filter>
   </ItemGroup>
   <ItemGroup>
      <ClCompile Include="..\..\..\source\sdksamples\KFC\model\KFCBookScope.cpp">
         <Filter>Source Files</Filter>
      </ClCompile>
      <ClCompile Include="..\..\..\source\sdksamples\KFC\model\KFCBookWatch.cpp">
         <Filter>Source Files</Filter>
      </ClCompile>
      <ClCompile Include="..\..\..\source\sdksamples\KFC\model\KFCCloseDocResponder.cpp">
         <Filter>Source Files</Filter>
      </ClCompile>
      <ClCompile Include="..\..\..\source\sdksamples\KFC\model\KFCHitMarker.cpp">
         <Filter>Source Files</Filter>
      </ClCompile>
      <ClCompile Include="..\..\..\source\sdksamples\KFC\model\KFCID.cpp">
         <Filter>Source Files\Plugin</Filter>
      </ClCompile>
      <ClCompile Include="..\..\..\source\sdksamples\KFC\model\KFCModelNotify.cpp">
         <Filter>Source Files</Filter>
      </ClCompile>
      <ClCompile Include="..\..\..\source\sdksamples\KFC\model\KFCModelServices.cpp">
         <Filter>Source Files</Filter>
      </ClCompile>
      <ClCompile Include="..\..\..\source\sdksamples\KFC\model\KFCNoStrip.cpp">
         <Filter>Source Files\Plugin</Filter>
      </ClCompile>
      <ClCompile Include="..\..\..\source\sdksamples\KFC\model\KFCOversetLocator.cpp">
         <Filter>Source Files</Filter>
      </ClCompile>
      <ClCompile Include="..\..\..\source\sdksamples\KFC\model\KFCProgressBar.cpp">
         <Filter>Source Files</Filter>
      </ClCompile>
      <ClCompile Include="..\..\..\source\sdksamples\KFC\model\KFCReplaceEngine.cpp">
         <Filter>Source Files</Filter>
      </ClCompile>
      <ClCompile Include="..\..\..\source\sdksamples\KFC\model\KFCResultModel.cpp">
         <Filter>Source Files</Filter>
      </ClCompile>
      <ClCompile Include="..\..\..\source\sdksamples\KFC\model\KFCRunGuard.cpp">
         <Filter>Source Files</Filter>
      </ClCompile>
      <ClCompile Include="..\..\..\source\sdksamples\KFC\model\KFCDiagCommands.cpp">
         <Filter>Source Files</Filter>
      </ClCompile>
      <ClCompile Include="..\..\..\source\sdksamples\KFC\model\KFCSearchEngine.cpp">
         <Filter>Source Files</Filter>
      </ClCompile>
      <ClCompile Include="..\..\..\source\sdksamples\KFC\model\KFCShowChanges.cpp">
         <Filter>Source Files</Filter>
      </ClCompile>
      <ClCompile Include="..\..\..\source\sdksamples\KFC\model\KFCQuerySequence.cpp">
         <Filter>Source Files</Filter>
      </ClCompile>
      <ClCompile Include="..\..\..\source\sdksamples\KFC\model\KFCChangeAll.cpp">
         <Filter>Source Files</Filter>
      </ClCompile>
      <ClCompile Include="..\..\..\source\sdksamples\KFC\model\KFCSignRecordsCmd.cpp">
         <Filter>Source Files</Filter>
      </ClCompile>
      <ClCompile Include="..\..\..\source\sdksamples\KFC\model\KFCStartupShutdown.cpp">
         <Filter>Source Files</Filter>
      </ClCompile>
      <ClCompile Include="..\..\..\source\sdksamples\KFC\model\KFCTrackChange.cpp">
         <Filter>Source Files</Filter>
      </ClCompile>
      <ClCompile Include="..\..\..\source\sdksamples\KFC\model\KFCUndoFollow.cpp">
         <Filter>Source Files</Filter>
      </ClCompile>
      <ClCompile Include="..\..\..\source\sdksamples\KFC\model\TriggerResourceDeps.cpp">
         <Filter>Source Files\Plugin</Filter>
      </ClCompile>
      <ClCompile Include="$(id_sdk_dir)\source\public\libs\publiclib\statics\PlugInStatics.cpp">
         <Filter>Source Files\Plugin</Filter>
      </ClCompile>
      <ClCompile Include="$(ID_SDK_DIR)\source\sdksamples\common\SDKPlugInEntrypoint.cpp">
         <Filter>Source Files\Plugin</Filter>
      </ClCompile>
      <ClCompile Include="$(ID_SDK_DIR)\source\sdksamples\common\SDKFileHelper.cpp">
         <Filter>Source Files\Plugin</Filter>
      </ClCompile>
      <ClCompile Include="$(id_sdk_dir)\source\precomp\msvc\VCPlugInHeaders.cpp">
         <Filter>Source Files\Plugin</Filter>
      </ClCompile>
   </ItemGroup>
   <ItemGroup>
      <ClInclude Include="..\..\..\source\sdksamples\KFC\model\IKFCChapters.h">
         <Filter>Header Files</Filter>
      </ClInclude>
      <ClInclude Include="..\..\..\source\sdksamples\KFC\model\IKFCResults.h">
         <Filter>Header Files</Filter>
      </ClInclude>
      <ClInclude Include="..\..\..\source\sdksamples\KFC\model\IKFCRuns.h">
         <Filter>Header Files</Filter>
      </ClInclude>
      <ClInclude Include="..\..\..\source\sdksamples\KFC\model\IKFCUIServices.h">
         <Filter>Header Files</Filter>
      </ClInclude>
      <ClInclude Include="..\..\..\source\sdksamples\KFC\model\KFCBookScope.h">
         <Filter>Header Files</Filter>
      </ClInclude>
      <ClInclude Include="..\..\..\source\sdksamples\KFC\model\KFCBookWatch.h">
         <Filter>Header Files</Filter>
      </ClInclude>
      <ClInclude Include="..\..\..\source\sdksamples\KFC\model\KFCBoundaryID.h">
         <Filter>Header Files</Filter>
      </ClInclude>
      <ClInclude Include="..\..\..\source\sdksamples\KFC\model\KFCFactoryList.h">
         <Filter>Header Files</Filter>
      </ClInclude>
      <ClInclude Include="..\..\..\source\sdksamples\KFC\model\KFCHitMarker.h">
         <Filter>Header Files</Filter>
      </ClInclude>
      <ClInclude Include="..\..\..\source\sdksamples\KFC\model\KFCID.h">
         <Filter>Header Files</Filter>
      </ClInclude>
      <ClInclude Include="..\..\..\source\sdksamples\KFC\model\KFCLoc.h">
         <Filter>Header Files</Filter>
      </ClInclude>
      <ClInclude Include="..\..\..\source\sdksamples\KFC\model\KFCModelNotify.h">
         <Filter>Header Files</Filter>
      </ClInclude>
      <ClInclude Include="..\..\..\source\sdksamples\KFC\model\KFCModelTypes.h">
         <Filter>Header Files</Filter>
      </ClInclude>
      <ClInclude Include="..\..\..\source\sdksamples\KFC\model\KFCOversetLocator.h">
         <Filter>Header Files</Filter>
      </ClInclude>
      <ClInclude Include="..\..\..\source\sdksamples\KFC\model\KFCProgressBar.h">
         <Filter>Header Files</Filter>
      </ClInclude>
      <ClInclude Include="..\..\..\source\sdksamples\KFC\model\KFCReplaceEngine.h">
         <Filter>Header Files</Filter>
      </ClInclude>
      <ClInclude Include="..\..\..\source\sdksamples\KFC\model\KFCResultModel.h">
         <Filter>Header Files</Filter>
      </ClInclude>
      <ClInclude Include="..\..\..\source\sdksamples\KFC\model\KFCRunGuard.h">
         <Filter>Header Files</Filter>
      </ClInclude>
      <ClInclude Include="..\..\..\source\sdksamples\KFC\model\KFCSearchEngine.h">
         <Filter>Header Files</Filter>
      </ClInclude>
      <ClInclude Include="..\..\..\source\sdksamples\KFC\model\KFCShowChanges.h">
         <Filter>Header Files</Filter>
      </ClInclude>
      <ClInclude Include="..\..\..\source\sdksamples\KFC\model\KFCQuerySequence.h">
         <Filter>Header Files</Filter>
      </ClInclude>
      <ClInclude Include="..\..\..\source\sdksamples\KFC\model\KFCChangeAll.h">
         <Filter>Header Files</Filter>
      </ClInclude>
      <ClInclude Include="..\..\..\source\sdksamples\KFC\model\KFCTrackChange.h">
         <Filter>Header Files</Filter>
      </ClInclude>
      <ClInclude Include="..\..\..\source\sdksamples\KFC\model\KFCUndoFollow.h">
         <Filter>Header Files</Filter>
      </ClInclude>
   </ItemGroup>
   <ItemGroup>
      <CustomBuild Include="..\..\..\source\sdksamples\KFC\model\KFC.fr">
         <Filter>Resource Files</Filter>
      </CustomBuild>
      <None Include="..\..\..\source\sdksamples\KFC\model\KFC_enUS.fr">
         <Filter>Resource Files</Filter>
      </None>
   </ItemGroup>
   <ItemGroup>
      <ResourceCompile Include="..\..\..\source\sdksamples\KFC\model\KFC.rc">
         <Filter>Resource Files</Filter>
      </ResourceCompile>
   </ItemGroup>
</Project>
