<?xml version="1.0" encoding="utf-8"?>
<Project xmlns="http://schemas.microsoft.com/developer/msbuild/2003" ToolsVersion="4.0">
   <ItemGroup>
      <Filter Include="Source Files">
         <UniqueIdentifier>{78120e3d-d0ab-4f9e-8a3a-c5e6c5ed0b2c}</UniqueIdentifier>
      </Filter>
      <Filter Include="Source Files\Plugin">
         <UniqueIdentifier>{29e08cac-b659-428b-bf02-c70f84b41ddf}</UniqueIdentifier>
      </Filter>
      <Filter Include="Header Files">
         <UniqueIdentifier>{7b823eb7-8f35-4529-a4c1-555b53468c58}</UniqueIdentifier>
      </Filter>
      <Filter Include="Resource Files">
         <UniqueIdentifier>{4da94837-4922-4930-b2ec-472d16090ed6}</UniqueIdentifier>
      </Filter>
   </ItemGroup>
   <ItemGroup>
      <ClCompile Include="..\..\..\source\sdksamples\KFC\ui\KFCActionComponent.cpp">
         <Filter>Source Files</Filter>
      </ClCompile>
      <ClCompile Include="..\..\..\source\sdksamples\KFC\ui\KFCBookPanelLookup.cpp">
         <Filter>Source Files</Filter>
      </ClCompile>
      <ClCompile Include="..\..\..\source\sdksamples\KFC\ui\KFCQueryOrder.cpp">
         <Filter>Source Files</Filter>
      </ClCompile>
      <ClCompile Include="..\..\..\source\sdksamples\KFC\ui\KFCQueryOrderFile.cpp">
         <Filter>Source Files</Filter>
      </ClCompile>
      <ClCompile Include="..\..\..\source\sdksamples\KFC\ui\KFCQueryList.cpp">
         <Filter>Source Files</Filter>
      </ClCompile>
      <ClCompile Include="..\..\..\source\sdksamples\KFC\ui\KFCQueryDialog.cpp">
         <Filter>Source Files</Filter>
      </ClCompile>
      <ClCompile Include="..\..\..\source\sdksamples\KFC\ui\KFCBookPanelPlacement.cpp">
         <Filter>Source Files</Filter>
      </ClCompile>
      <ClCompile Include="..\..\..\source\sdksamples\KFC\ui\KFCColorTextView.cpp">
         <Filter>Source Files</Filter>
      </ClCompile>
      <ClCompile Include="..\..\..\source\sdksamples\KFC\ui\KFCFindChangeMinimize.cpp">
         <Filter>Source Files</Filter>
      </ClCompile>
      <ClCompile Include="..\..\..\source\sdksamples\KFC\ui\KFCHitMarkerView.cpp">
         <Filter>Source Files</Filter>
      </ClCompile>
      <ClCompile Include="..\..\..\source\sdksamples\KFC\ui\KFCHowTo.cpp">
         <Filter>Source Files</Filter>
      </ClCompile>
      <ClCompile Include="..\..\..\source\sdksamples\KFC\ui\KFCIconTip.cpp">
         <Filter>Source Files</Filter>
      </ClCompile>
      <ClCompile Include="..\..\..\source\sdksamples\KFC\ui\KFCJump.cpp">
         <Filter>Source Files</Filter>
      </ClCompile>
      <ClCompile Include="..\..\..\source\sdksamples\KFC\ui\KFCMarkerExpiryIdleTask.cpp">
         <Filter>Source Files</Filter>
      </ClCompile>
      <ClCompile Include="..\..\..\source\sdksamples\KFC\ui\KFCModelObserver.cpp">
         <Filter>Source Files</Filter>
      </ClCompile>
      <ClCompile Include="..\..\..\source\sdksamples\KFC\ui\KFCPanelAlpha.cpp">
         <Filter>Source Files</Filter>
      </ClCompile>
      <ClCompile Include="..\..\..\source\sdksamples\KFC\ui\KFCPanelIcon.cpp">
         <Filter>Source Files</Filter>
      </ClCompile>
      <ClCompile Include="..\..\..\source\sdksamples\KFC\ui\KFCPanelMetrics.cpp">
         <Filter>Source Files</Filter>
      </ClCompile>
      <ClCompile Include="..\..\..\source\sdksamples\KFC\ui\KFCPanelState.cpp">
         <Filter>Source Files</Filter>
      </ClCompile>
      <ClCompile Include="..\..\..\source\sdksamples\KFC\ui\KFCPanelTitle.cpp">
         <Filter>Source Files</Filter>
      </ClCompile>
      <ClCompile Include="..\..\..\source\sdksamples\KFC\ui\KFCPanelView.cpp">
         <Filter>Source Files</Filter>
      </ClCompile>
      <ClCompile Include="..\..\..\source\sdksamples\KFC\ui\KFCResultListAdapter.cpp">
         <Filter>Source Files</Filter>
      </ClCompile>
      <ClCompile Include="..\..\..\source\sdksamples\KFC\ui\KFCResultListWidgetMgr.cpp">
         <Filter>Source Files</Filter>
      </ClCompile>
      <ClCompile Include="..\..\..\source\sdksamples\KFC\ui\KFCResultNodeEH.cpp">
         <Filter>Source Files</Filter>
      </ClCompile>
      <ClCompile Include="..\..\..\source\sdksamples\KFC\ui\KFCQueryRowEH.cpp">
         <Filter>Source Files</Filter>
      </ClCompile>
      <ClCompile Include="..\..\..\source\sdksamples\KFC\ui\KFCResultTreeController.cpp">
         <Filter>Source Files</Filter>
      </ClCompile>
      <ClCompile Include="..\..\..\source\sdksamples\KFC\ui\KFCResultTreeEH.cpp">
         <Filter>Source Files</Filter>
      </ClCompile>
      <ClCompile Include="..\..\..\source\sdksamples\KFC\ui\KFCStatusTextView.cpp">
         <Filter>Source Files</Filter>
      </ClCompile>
      <ClCompile Include="..\..\..\source\sdksamples\KFC\ui\KFCUIServices.cpp">
         <Filter>Source Files</Filter>
      </ClCompile>
      <ClCompile Include="..\..\..\source\sdksamples\KFC\ui\KFCUIStartupShutdown.cpp">
         <Filter>Source Files</Filter>
      </ClCompile>
      <ClCompile Include="..\..\..\source\sdksamples\KFC\ui\KFCUIID.cpp">
         <Filter>Source Files\Plugin</Filter>
      </ClCompile>
      <ClCompile Include="..\..\..\source\sdksamples\KFC\ui\KFCUINoStrip.cpp">
         <Filter>Source Files\Plugin</Filter>
      </ClCompile>
      <ClCompile Include="..\..\..\source\sdksamples\KFC\ui\TriggerResourceDeps.cpp">
         <Filter>Source Files\Plugin</Filter>
      </ClCompile>
      <ClCompile Include="$(id_sdk_dir)\source\public\libs\publiclib\statics\PlugInStatics.cpp">
         <Filter>Source Files\Plugin</Filter>
      </ClCompile>
      <ClCompile Include="$(ID_SDK_DIR)\source\sdksamples\common\SDKPlugInEntrypoint.cpp">
         <Filter>Source Files\Plugin</Filter>
      </ClCompile>
      <ClCompile Include="$(ID_SDK_DIR)\source\sdksamples\common\SDKFileHelper.cpp">
         <Filter>Source Files\Plugin</Filter>
      </ClCompile>
      <ClCompile Include="$(id_sdk_dir)\source\precomp\msvc\VCPlugInHeaders.cpp">
         <Filter>Source Files\Plugin</Filter>
      </ClCompile>
   </ItemGroup>
   <ItemGroup>
      <ClInclude Include="..\..\..\source\sdksamples\KFC\ui\IKFCStatusTextData.h">
         <Filter>Header Files</Filter>
      </ClInclude>
      <ClInclude Include="..\..\..\source\sdksamples\KFC\ui\KFCBookPanelLookup.h">
         <Filter>Header Files</Filter>
      </ClInclude>
      <ClInclude Include="..\..\..\source\sdksamples\KFC\ui\KFCQueryOrder.h">
         <Filter>Header Files</Filter>
      </ClInclude>
      <ClInclude Include="..\..\..\source\sdksamples\KFC\ui\KFCQueryOrderFile.h">
         <Filter>Header Files</Filter>
      </ClInclude>
      <ClInclude Include="..\..\..\source\sdksamples\KFC\ui\KFCQueryList.h">
         <Filter>Header Files</Filter>
      </ClInclude>
      <ClInclude Include="..\..\..\source\sdksamples\KFC\ui\KFCQueryDialog.h">
         <Filter>Header Files</Filter>
      </ClInclude>
      <ClInclude Include="..\..\..\source\sdksamples\KFC\ui\KFCBookPanelPlacement.h">
         <Filter>Header Files</Filter>
      </ClInclude>
      <ClInclude Include="..\..\..\source\sdksamples\KFC\ui\KFCColorTextView.h">
         <Filter>Header Files</Filter>
      </ClInclude>
      <ClInclude Include="..\..\..\source\sdksamples\KFC\ui\KFCFindChangeMinimize.h">
         <Filter>Header Files</Filter>
      </ClInclude>
      <ClInclude Include="..\..\..\source\sdksamples\KFC\ui\KFCHitMarkerView.h">
         <Filter>Header Files</Filter>
      </ClInclude>
      <ClInclude Include="..\..\..\source\sdksamples\KFC\ui\KFCHowTo.h">
         <Filter>Header Files</Filter>
      </ClInclude>
      <ClInclude Include="..\..\..\source\sdksamples\KFC\ui\KFCJump.h">
         <Filter>Header Files</Filter>
      </ClInclude>
      <ClInclude Include="..\..\..\source\sdksamples\KFC\ui\KFCMarkerExpiryIdleTask.h">
         <Filter>Header Files</Filter>
      </ClInclude>
      <ClInclude Include="..\..\..\source\sdksamples\KFC\ui\KFCModelAccess.h">
         <Filter>Header Files</Filter>
      </ClInclude>
      <ClInclude Include="..\..\..\source\sdksamples\KFC\ui\KFCModelObserver.h">
         <Filter>Header Files</Filter>
      </ClInclude>
      <ClInclude Include="..\..\..\source\sdksamples\KFC\ui\KFCPanelAlpha.h">
         <Filter>Header Files</Filter>
      </ClInclude>
      <ClInclude Include="..\..\..\source\sdksamples\KFC\ui\KFCPanelIcon.h">
         <Filter>Header Files</Filter>
      </ClInclude>
      <ClInclude Include="..\..\..\source\sdksamples\KFC\ui\KFCPanelMetrics.h">
         <Filter>Header Files</Filter>
      </ClInclude>
      <ClInclude Include="..\..\..\source\sdksamples\KFC\ui\KFCPanelState.h">
         <Filter>Header Files</Filter>
      </ClInclude>
      <ClInclude Include="..\..\..\source\sdksamples\KFC\ui\KFCPanelTextDraw.h">
         <Filter>Header Files</Filter>
      </ClInclude>
      <ClInclude Include="..\..\..\source\sdksamples\KFC\ui\KFCPanelTitle.h">
         <Filter>Header Files</Filter>
      </ClInclude>
      <ClInclude Include="..\..\..\source\sdksamples\KFC\ui\KFCResultNodeID.h">
         <Filter>Header Files</Filter>
      </ClInclude>
      <ClInclude Include="..\..\..\source\sdksamples\KFC\ui\KFCResultTree.h">
         <Filter>Header Files</Filter>
      </ClInclude>
      <ClInclude Include="..\..\..\source\sdksamples\KFC\ui\KFCUIFactoryList.h">
         <Filter>Header Files</Filter>
      </ClInclude>
      <ClInclude Include="..\..\..\source\sdksamples\KFC\ui\KFCUIID.h">
         <Filter>Header Files</Filter>
      </ClInclude>
   </ItemGroup>
   <ItemGroup>
      <CustomBuild Include="..\..\..\source\sdksamples\KFC\ui\KFCUI.fr">
         <Filter>Resource Files</Filter>
      </CustomBuild>
      <None Include="..\..\..\source\sdksamples\KFC\ui\KFCUI_enUS.fr">
         <Filter>Resource Files</Filter>
      </None>
   </ItemGroup>
   <ItemGroup>
      <ResourceCompile Include="..\..\..\source\sdksamples\KFC\ui\KFCUI.rc">
         <Filter>Resource Files</Filter>
      </ResourceCompile>
   </ItemGroup>
</Project>
